
Microsoft Visual Studio Solution File, Format Version 12.00
# Visual Studio Version 17
VisualStudioVersion = 17.4.33205.214
MinimumVisualStudioVersion = 10.0.40219.1
Project("{9A19103F-16F7-4668-BE54-9A1E7A4F7556}") = "StableDiffusion", "StableDiffusion\StableDiffusion.csproj", "{8B12F2B3-1D9C-40E4-BCEB-AC5B767C5810}"
EndProject
Project("{8BC9CEB8-8B4A-11D0-8D11-00A0C91BC942}") = "NugetDiffusion", "NugetDiffusion\NugetDiffusion.vcxproj", "{90D05A44-218F-4F7F-AEEE-D5EF8642CF23}"
EndProject
Project("{8BC9CEB8-8B4A-11D0-8D11-00A0C91BC942}") = "Axodox.Common", "..\zpaint\Axodox.Common\Axodox.Common.vcxitems", "{E13522B3-7530-4CBE-B5D3-CCE94136E40F}"
EndProject
Global
	GlobalSection(SolutionConfigurationPlatforms) = preSolution
		Debug|Any CPU = Debug|Any CPU
		Debug|ARM = Debug|ARM
		Debug|ARM64 = Debug|ARM64
		Debug|x64 = Debug|x64
		Debug|x86 = Debug|x86
		Release|Any CPU = Release|Any CPU
		Release|ARM = Release|ARM
		Release|ARM64 = Release|ARM64
		Release|x64 = Release|x64
		Release|x86 = Release|x86
	EndGlobalSection
	GlobalSection(ProjectConfigurationPlatforms) = postSolution
		{8B12F2B3-1D9C-40E4-BCEB-AC5B767C5810}.Debug|Any CPU.ActiveCfg = Debug|Any CPU
		{8B12F2B3-1D9C-40E4-BCEB-AC5B767C5810}.Debug|Any CPU.Build.0 = Debug|Any CPU
		{8B12F2B3-1D9C-40E4-BCEB-AC5B767C5810}.Debug|ARM.ActiveCfg = Debug|Any CPU
		{8B12F2B3-1D9C-40E4-BCEB-AC5B767C5810}.Debug|ARM.Build.0 = Debug|Any CPU
		{8B12F2B3-1D9C-40E4-BCEB-AC5B767C5810}.Debug|ARM64.ActiveCfg = Debug|Any CPU
		{8B12F2B3-1D9C-40E4-BCEB-AC5B767C5810}.Debug|ARM64.Build.0 = Debug|Any CPU
		{8B12F2B3-1D9C-40E4-BCEB-AC5B767C5810}.Debug|x64.ActiveCfg = Debug|x64
		{8B12F2B3-1D9C-40E4-BCEB-AC5B767C5810}.Debug|x64.Build.0 = Debug|x64
		{8B12F2B3-1D9C-40E4-BCEB-AC5B767C5810}.Debug|x86.ActiveCfg = Debug|Any CPU
		{8B12F2B3-1D9C-40E4-BCEB-AC5B767C5810}.Debug|x86.Build.0 = Debug|Any CPU
		{8B12F2B3-1D9C-40E4-BCEB-AC5B767C5810}.Release|Any CPU.ActiveCfg = Release|Any CPU
		{8B12F2B3-1D9C-40E4-BCEB-AC5B767C5810}.Release|Any CPU.Build.0 = Release|Any CPU
		{8B12F2B3-1D9C-40E4-BCEB-AC5B767C5810}.Release|ARM.ActiveCfg = Release|Any CPU
		{8B12F2B3-1D9C-40E4-BCEB-AC5B767C5810}.Release|ARM.Build.0 = Release|Any CPU
		{8B12F2B3-1D9C-40E4-BCEB-AC5B767C5810}.Release|ARM64.ActiveCfg = Release|Any CPU
		{8B12F2B3-1D9C-40E4-BCEB-AC5B767C5810}.Release|ARM64.Build.0 = Release|Any CPU
		{8B12F2B3-1D9C-40E4-BCEB-AC5B767C5810}.Release|x64.ActiveCfg = Release|x64
		{8B12F2B3-1D9C-40E4-BCEB-AC5B767C5810}.Release|x64.Build.0 = Release|x64
		{8B12F2B3-1D9C-40E4-BCEB-AC5B767C5810}.Release|x86.ActiveCfg = Release|Any CPU
		{8B12F2B3-1D9C-40E4-BCEB-AC5B767C5810}.Release|x86.Build.0 = Release|Any CPU
		{90D05A44-218F-4F7F-AEEE-D5EF8642CF23}.Debug|Any CPU.ActiveCfg = Debug|x64
		{90D05A44-218F-4F7F-AEEE-D5EF8642CF23}.Debug|Any CPU.Build.0 = Debug|x64
		{90D05A44-218F-4F7F-AEEE-D5EF8642CF23}.Debug|ARM.ActiveCfg = Debug|x64
		{90D05A44-218F-4F7F-AEEE-D5EF8642CF23}.Debug|ARM.Build.0 = Debug|x64
		{90D05A44-218F-4F7F-AEEE-D5EF8642CF23}.Debug|ARM64.ActiveCfg = Debug|x64
		{90D05A44-218F-4F7F-AEEE-D5EF8642CF23}.Debug|ARM64.Build.0 = Debug|x64
		{90D05A44-218F-4F7F-AEEE-D5EF8642CF23}.Debug|x64.ActiveCfg = Debug|x64
		{90D05A44-218F-4F7F-AEEE-D5EF8642CF23}.Debug|x64.Build.0 = Debug|x64
		{90D05A44-218F-4F7F-AEEE-D5EF8642CF23}.Debug|x86.ActiveCfg = Debug|Win32
		{90D05A44-218F-4F7F-AEEE-D5EF8642CF23}.Debug|x86.Build.0 = Debug|Win32
		{90D05A44-218F-4F7F-AEEE-D5EF8642CF23}.Release|Any CPU.ActiveCfg = Release|x64
		{90D05A44-218F-4F7F-AEEE-D5EF8642CF23}.Release|Any CPU.Build.0 = Release|x64
		{90D05A44-218F-4F7F-AEEE-D5EF8642CF23}.Release|ARM.ActiveCfg = Release|x64
		{90D05A44-218F-4F7F-AEEE-D5EF8642CF23}.Release|ARM.Build.0 = Release|x64
		{90D05A44-218F-4F7F-AEEE-D5EF8642CF23}.Release|ARM64.ActiveCfg = Release|x64
		{90D05A44-218F-4F7F-AEEE-D5EF8642CF23}.Release|ARM64.Build.0 = Release|x64
		{90D05A44-218F-4F7F-AEEE-D5EF8642CF23}.Release|x64.ActiveCfg = Release|x64
		{90D05A44-218F-4F7F-AEEE-D5EF8642CF23}.Release|x64.Build.0 = Release|x64
		{90D05A44-218F-4F7F-AEEE-D5EF8642CF23}.Release|x86.ActiveCfg = Release|Win32
		{90D05A44-218F-4F7F-AEEE-D5EF8642CF23}.Release|x86.Build.0 = Release|Win32
	EndGlobalSection
	GlobalSection(SolutionProperties) = preSolution
		HideSolutionNode = FALSE
	EndGlobalSection
	GlobalSection(ExtensibilityGlobals) = postSolution
		SolutionGuid = {CC9EC59E-A8D0-4DF7-A822-16D86557C7B2}
	EndGlobalSection
	GlobalSection(SharedMSBuildProjectFiles) = preSolution
		..\zpaint\Axodox.Common\Axodox.Common.vcxitems*{90d05a44-218f-4f7f-aeee-d5ef8642cf23}*SharedItemsImports = 4
		..\zpaint\Axodox.Common\Axodox.Common.vcxitems*{e13522b3-7530-4cbe-b5d3-cce94136e40f}*SharedItemsImports = 9
	EndGlobalSection
EndGlobal
